{
    "_meta": {
        "hash": {
            "sha256": "657a9dd6f970be6373a2c2281e049fde714d3ad0430b1126144a2930e6d1a288"
        },
        "pipfile-spec": 6,
        "requires": {
            "python_version": "3.6"
        },
        "sources": [
            {
                "name": "pypi",
                "url": "https://pypi.org/simple",
                "verify_ssl": true
            }
        ]
    },
    "default": {},
    "develop": {
        "docopt": {
            "hashes": [
                "sha256:49b3a825280bd66b3aa83585ef59c4a8c82f2c8a522dbe754a8bc8d08c85c491"
            ],
            "version": "==0.6.2"
        },
        "html-linter": {
            "hashes": [
                "sha256:342dad677f2fc810a2562fde0959046ed0d8fa1387bd9e085869e908c1941191"
            ],
            "index": "pypi",
            "version": "==0.4.0"
        },
        "template-remover": {
            "hashes": [
                "sha256:480f1ce63f56affac1edb29356afcca1260e8409cd928fcf9438fc149df5ff41"
            ],
            "version": "==0.1.9"
        }
    }
}
